
Microsoft Visual Studio Solution File, Format Version 12.00
# Visual Studio Version 16
VisualStudioVersion = 16.0.30204.135
MinimumVisualStudioVersion = 10.0.40219.1
Project("{FAE04EC0-301F-11D3-BF4B-00C04F79EFBC}") = "MyCodeAdventure", "MyCodeAdventure\MyCodeAdventure.csproj", "{D159C65F-B106-4A7F-9221-5C57343CCF31}"
EndProject
Global
	GlobalSection(SolutionConfigurationPlatforms) = preSolution
		Debug|Any CPU = Debug|Any CPU
		Release|Any CPU = Release|Any CPU
	EndGlobalSection
	GlobalSection(ProjectConfigurationPlatforms) = postSolution
		{D159C65F-B106-4A7F-9221-5C57343CCF31}.Debug|Any CPU.ActiveCfg = Debug|Any CPU
		{D159C65F-B106-4A7F-9221-5C57343CCF31}.Debug|Any CPU.Build.0 = Debug|Any CPU
		{D159C65F-B106-4A7F-9221-5C57343CCF31}.Release|Any CPU.ActiveCfg = Release|Any CPU
		{D159C65F-B106-4A7F-9221-5C57343CCF31}.Release|Any CPU.Build.0 = Release|Any CPU
	EndGlobalSection
	GlobalSection(SolutionProperties) = preSolution
		HideSolutionNode = FALSE
	EndGlobalSection
	GlobalSection(ExtensibilityGlobals) = postSolution
		SolutionGuid = {8B842775-0009-408E-B25E-D6F6135A4038}
	EndGlobalSection
EndGlobal
